Microsoft Visual Studio Solution File, Format Version 12.00
# Visual Studio Version 17
VisualStudioVersion = 17.0.31903.59
MinimumVisualStudioVersion = 10.0.40219.1
Project("{FAE04EC0-301F-11D3-BF4B-00C04F79EFBC}") = "ACModHub.Core", "src\ACModHub.Core\ACModHub.Core.csproj", "{2D11D423-9362-4FF4-9C11-3093149FA001}"
EndProject
Project("{FAE04EC0-301F-11D3-BF4B-00C04F79EFBC}") = "ACModHub.Infrastructure", "src\ACModHub.Infrastructure\ACModHub.Infrastructure.csproj", "{2D11D423-9362-4FF4-9C11-3093149FA002}"
EndProject
Project("{FAE04EC0-301F-11D3-BF4B-00C04F79EFBC}") = "ACModHub.UI", "src\ACModHub.UI\ACModHub.UI.csproj", "{2D11D423-9362-4FF4-9C11-3093149FA003}"
EndProject
Project("{FAE04EC0-301F-11D3-BF4B-00C04F79EFBC}") = "ACModHub.App", "src\ACModHub.App\ACModHub.App.csproj", "{2D11D423-9362-4FF4-9C11-3093149FA004}"
EndProject
Project("{FAE04EC0-301F-11D3-BF4B-00C04F79EFBC}") = "ACModHub.Tests", "tests\ACModHub.Tests\ACModHub.Tests.csproj", "{2D11D423-9362-4FF4-9C11-3093149FA005}"
EndProject
Project("{FAE04EC0-301F-11D3-BF4B-00C04F79EFBC}") = "ACModHub.UI.Tests", "tests\ACModHub.UI.Tests\ACModHub.UI.Tests.csproj", "{2D11D423-9362-4FF4-9C11-3093149FA006}"
EndProject
Global
  GlobalSection(SolutionConfigurationPlatforms) = preSolution
    Debug|Any CPU = Debug|Any CPU
    Release|Any CPU = Release|Any CPU
  EndGlobalSection
  GlobalSection(ProjectConfigurationPlatforms) = postSolution
    {2D11D423-9362-4FF4-9C11-3093149FA001}.Debug|Any CPU.ActiveCfg = Debug|Any CPU
    {2D11D423-9362-4FF4-9C11-3093149FA001}.Debug|Any CPU.Build.0 = Debug|Any CPU
    {2D11D423-9362-4FF4-9C11-3093149FA001}.Release|Any CPU.ActiveCfg = Release|Any CPU
    {2D11D423-9362-4FF4-9C11-3093149FA001}.Release|Any CPU.Build.0 = Release|Any CPU
    {2D11D423-9362-4FF4-9C11-3093149FA002}.Debug|Any CPU.ActiveCfg = Debug|Any CPU
    {2D11D423-9362-4FF4-9C11-3093149FA002}.Debug|Any CPU.Build.0 = Debug|Any CPU
    {2D11D423-9362-4FF4-9C11-3093149FA002}.Release|Any CPU.ActiveCfg = Release|Any CPU
    {2D11D423-9362-4FF4-9C11-3093149FA002}.Release|Any CPU.Build.0 = Release|Any CPU
    {2D11D423-9362-4FF4-9C11-3093149FA003}.Debug|Any CPU.ActiveCfg = Debug|Any CPU
    {2D11D423-9362-4FF4-9C11-3093149FA003}.Debug|Any CPU.Build.0 = Debug|Any CPU
    {2D11D423-9362-4FF4-9C11-3093149FA003}.Release|Any CPU.ActiveCfg = Release|Any CPU
    {2D11D423-9362-4FF4-9C11-3093149FA003}.Release|Any CPU.Build.0 = Release|Any CPU
    {2D11D423-9362-4FF4-9C11-3093149FA004}.Debug|Any CPU.ActiveCfg = Debug|Any CPU
    {2D11D423-9362-4FF4-9C11-3093149FA004}.Debug|Any CPU.Build.0 = Debug|Any CPU
    {2D11D423-9362-4FF4-9C11-3093149FA004}.Release|Any CPU.ActiveCfg = Release|Any CPU
    {2D11D423-9362-4FF4-9C11-3093149FA004}.Release|Any CPU.Build.0 = Release|Any CPU
    {2D11D423-9362-4FF4-9C11-3093149FA005}.Debug|Any CPU.ActiveCfg = Debug|Any CPU
    {2D11D423-9362-4FF4-9C11-3093149FA005}.Debug|Any CPU.Build.0 = Debug|Any CPU
    {2D11D423-9362-4FF4-9C11-3093149FA005}.Release|Any CPU.ActiveCfg = Release|Any CPU
    {2D11D423-9362-4FF4-9C11-3093149FA005}.Release|Any CPU.Build.0 = Release|Any CPU
    {2D11D423-9362-4FF4-9C11-3093149FA006}.Debug|Any CPU.ActiveCfg = Debug|Any CPU
    {2D11D423-9362-4FF4-9C11-3093149FA006}.Debug|Any CPU.Build.0 = Debug|Any CPU
    {2D11D423-9362-4FF4-9C11-3093149FA006}.Release|Any CPU.ActiveCfg = Release|Any CPU
    {2D11D423-9362-4FF4-9C11-3093149FA006}.Release|Any CPU.Build.0 = Release|Any CPU
  EndGlobalSection
EndGlobal
